
Microsoft Visual Studio Solution File, Format Version 12.00
# Visual Studio Version 16
VisualStudioVersion = 16.0.29123.88
MinimumVisualStudioVersion = 10.0.40219.1
Project("{9A19103F-16F7-4668-BE54-9A1E7A4F7556}") = "deneme", "deneme.csproj", "{5AA43459-CE95-4E05-AC75-A38267097278}"
EndProject
Global
	GlobalSection(SolutionConfigurationPlatforms) = preSolution
		Debug|Any CPU = Debug|Any CPU
		Release|Any CPU = Release|Any CPU
	EndGlobalSection
	GlobalSection(ProjectConfigurationPlatforms) = postSolution
		{5AA43459-CE95-4E05-AC75-A38267097278}.Debug|Any CPU.ActiveCfg = Debug|Any CPU
		{5AA43459-CE95-4E05-AC75-A38267097278}.Debug|Any CPU.Build.0 = Debug|Any CPU
		{5AA43459-CE95-4E05-AC75-A38267097278}.Release|Any CPU.ActiveCfg = Release|Any CPU
		{5AA43459-CE95-4E05-AC75-A38267097278}.Release|Any CPU.Build.0 = Release|Any CPU
	EndGlobalSection
	GlobalSection(SolutionProperties) = preSolution
		HideSolutionNode = FALSE
	EndGlobalSection
	GlobalSection(ExtensibilityGlobals) = postSolution
		SolutionGuid = {5FE94956-A27E-4820-A582-CF207B01E929}
	EndGlobalSection
EndGlobal
